
Microsoft Visual Studio Solution File, Format Version 12.00
# Visual Studio Version 16
VisualStudioVersion = 16.0.31205.134
MinimumVisualStudioVersion = 10.0.40219.1
Project("{FAE04EC0-301F-11D3-BF4B-00C04F79EFBC}") = "doubly_linked_list", "doubly_linked_list\doubly_linked_list.csproj", "{AF97C16B-B3CE-457B-82A4-460378C89536}"
EndProject
Global
	GlobalSection(SolutionConfigurationPlatforms) = preSolution
		Debug|Any CPU = Debug|Any CPU
		Release|Any CPU = Release|Any CPU
	EndGlobalSection
	GlobalSection(ProjectConfigurationPlatforms) = postSolution
		{AF97C16B-B3CE-457B-82A4-460378C89536}.Debug|Any CPU.ActiveCfg = Debug|Any CPU
		{AF97C16B-B3CE-457B-82A4-460378C89536}.Debug|Any CPU.Build.0 = Debug|Any CPU
		{AF97C16B-B3CE-457B-82A4-460378C89536}.Release|Any CPU.ActiveCfg = Release|Any CPU
		{AF97C16B-B3CE-457B-82A4-460378C89536}.Release|Any CPU.Build.0 = Release|Any CPU
	EndGlobalSection
	GlobalSection(SolutionProperties) = preSolution
		HideSolutionNode = FALSE
	EndGlobalSection
	GlobalSection(ExtensibilityGlobals) = postSolution
		SolutionGuid = {4B5C01B6-0F1A-4D77-8943-E965FBC0BB18}
	EndGlobalSection
EndGlobal
